<?xml version="1.0" encoding="utf-8"?>
<Project ToolsVersion="4.0" xmlns="http://schemas.microsoft.com/developer/msbuild/2003">
  <ItemGroup>
    <Filter Include="Исходные файлы">
      <UniqueIdentifier>{4FC737F1-C7A5-4376-A066-2A32D752A2FF}</UniqueIdentifier>
      <Extensions>cpp;c;cc;cxx;def;odl;idl;hpj;bat;asm;asmx</Extensions>
    </Filter>
    <Filter Include="Файлы заголовков">
      <UniqueIdentifier>{93995380-89BD-4b04-88EB-625FBE52EBFB}</UniqueIdentifier>
      <Extensions>h;hh;hpp;hxx;hm;inl;inc;ipp;xsd</Extensions>
    </Filter>
    <Filter Include="Файлы ресурсов">
      <UniqueIdentifier>{67DA6AB6-F800-4c08-8B7A-83BB121AAD01}</UniqueIdentifier>
      <Extensions>rc;ico;cur;bmp;dlg;rc2;rct;bin;rgs;gif;jpg;jpeg;jpe;resx;tiff;tif;png;wav;mfcribbon-ms</Extensions>
    </Filter>
    <Filter Include="Файлы ресурсов\Math Support">
      <UniqueIdentifier>{60b78aa6-5125-4d42-86ec-7b3b48a760a5}</UniqueIdentifier>
    </Filter>
    <Filter Include="Файлы ресурсов\Render System">
      <UniqueIdentifier>{58608197-6e38-4e3d-95d2-9ff7fce0a1e4}</UniqueIdentifier>
    </Filter>
  </ItemGroup>
  <ItemGroup>
    <ClInclude Include="MTH\MTH.h">
      <Filter>Файлы ресурсов\Math Support</Filter>
    </ClInclude>
    <ClInclude Include="RND\RND.h">
      <Filter>Файлы ресурсов\Render System</Filter>
    </ClInclude>
    <ClInclude Include="RND\DEF.h">
      <Filter>Файлы ресурсов</Filter>
    </ClInclude>
  </ItemGroup>
  <ItemGroup>
    <ClCompile Include="RND\RNDDATA.c">
      <Filter>Файлы ресурсов\Render System</Filter>
    </ClCompile>
    <ClCompile Include="RND\RNDBASE.c">
      <Filter>Файлы ресурсов\Render System</Filter>
    </ClCompile>
    <ClCompile Include="RND\RNDPRIM.c">
      <Filter>Файлы ресурсов\Render System</Filter>
    </ClCompile>
    <ClCompile Include="RND\MAIN.c">
      <Filter>Файлы ресурсов</Filter>
    </ClCompile>
  </ItemGroup>
</Project>